
Microsoft Visual Studio Solution File, Format Version 12.00
# Visual Studio Version 17
VisualStudioVersion = 17.2.32505.173
MinimumVisualStudioVersion = 10.0.40219.1
Project("{9A19103F-16F7-4668-BE54-9A1E7A4F7556}") = "Truther.API", "Truther.API\Truther.API.csproj", "{9F16223D-6BB0-4618-851B-A568CE47FD92}"
EndProject
Project("{2150E333-8FDC-42A3-9474-1A3956D46DE8}") = "Solution Items", "Solution Items", "{8B57B319-931E-47AF-9F62-464B08838C4F}"
	ProjectSection(SolutionItems) = preProject
		databaseCreation.txt = databaseCreation.txt
	EndProjectSection
EndProject
Global
	GlobalSection(SolutionConfigurationPlatforms) = preSolution
		Debug|Any CPU = Debug|Any CPU
		Release|Any CPU = Release|Any CPU
	EndGlobalSection
	GlobalSection(ProjectConfigurationPlatforms) = postSolution
		{9F16223D-6BB0-4618-851B-A568CE47FD92}.Debug|Any CPU.ActiveCfg = Debug|Any CPU
		{9F16223D-6BB0-4618-851B-A568CE47FD92}.Debug|Any CPU.Build.0 = Debug|Any CPU
		{9F16223D-6BB0-4618-851B-A568CE47FD92}.Release|Any CPU.ActiveCfg = Release|Any CPU
		{9F16223D-6BB0-4618-851B-A568CE47FD92}.Release|Any CPU.Build.0 = Release|Any CPU
	EndGlobalSection
	GlobalSection(SolutionProperties) = preSolution
		HideSolutionNode = FALSE
	EndGlobalSection
	GlobalSection(ExtensibilityGlobals) = postSolution
		SolutionGuid = {E9C82A6D-789B-4570-8329-9D8B5DDA41D4}
	EndGlobalSection
EndGlobal
